File.Version=6
MxCube.Version=6.15.0
MxDb.Version=DB.6.0.150
KeepUserPlacement=false
Mcu.CPN=STM32F407VGT6
Mcu.Name=STM32F407VGTx
board=
ProjectManager.ProjectFileName=ExternalInterrupts.ioc
ProjectManager.ProjectName=ExternalInterrupts
ProjectManager.PreviousToolchain=
ProjectManager.TargetToolchain=STM32CubeIDE
ProjectManager.DeletePrevious=true
ProjectManager.UnderRoot=true
ProjectManager.MainLocation=Core/Src
ProjectManager.ToolChainLocation=
ProjectManager.LibraryCopy=1
ProjectManager.FirmwarePackage=STM32Cube FW_F4 V1.28.3
ProjectManager.CustomerFirmwarePackage=
ProjectManager.DefaultFWLocation=true
ProjectManager.DeviceId=STM32F407VGTx
ProjectManager.isStatic=false
ProjectManager.isCPP=false
isbadioc=false
